// !$*UTF8*$!
{
	archiveVersion = 1;
	classes = {
	};
	objectVersion = 46;
	objects = {

/* Begin PBXBuildFile section */
		8475A66D1E693CF4000D134C /* AppDelegate.swift in Sources */ = {isa = PBXBuildFile; fileRef = 8475A66C1E693CF4000D134C /* AppDelegate.swift */; };
		8475A66F1E693CF4000D134C /* ViewController.swift in Sources */ = {isa = PBXBuildFile; fileRef = 8475A66E1E693CF4000D134C /* ViewController.swift */; };
		8475A6721E693CF4000D134C /* Main.storyboard in Resources */ = {isa = PBXBuildFile; fileRef = 8475A6701E693CF4000D134C /* Main.storyboard */; };
		8475A6751E693CF4000D134C /* Tinkoff_Chat.xcdatamodeld in Sources */ = {isa = PBXBuildFile; fileRef = 8475A6731E693CF4000D134C /* Tinkoff_Chat.xcdatamodeld */; };
		8475A6771E693CF4000D134C /* Assets.xcassets in Resources */ = {isa = PBXBuildFile; fileRef = 8475A6761E693CF4000D134C /* Assets.xcassets */; };
		8475A67A1E693CF4000D134C /* LaunchScreen.storyboard in Resources */ = {isa = PBXBuildFile; fileRef = 8475A6781E693CF4000D134C /* LaunchScreen.storyboard */; };
/* End PBXBuildFile section */

/* Begin PBXFileReference section */
		8475A6691E693CF4000D134C /* Tinkoff Chat.app */ = {isa = PBXFileReference; explicitFileType = wrapper.application; includeInIndex = 0; path = "Tinkoff Chat.app"; sourceTree = BUILT_PRODUCTS_DIR; };
		8475A66C1E693CF4000D134C /* AppDelegate.swift */ = {isa = PBXFileReference; lastKnownFileType = sourcecode.swift; path = AppDelegate.swift; sourceTree = "<group>"; };
		8475A66E1E693CF4000D134C /* ViewController.swift */ = {isa = PBXFileReference; lastKnownFileType = sourcecode.swift; path = ViewController.swift; sourceTree = "<group>"; };
		8475A6711E693CF4000D134C /* Base */ = {isa = PBXFileReference; lastKnownFileType = file.storyboard; name = Base; path = Base.lproj/Main.storyboard; sourceTree = "<group>"; };
		8475A6741E693CF4000D134C /* Tinkoff_Chat.xcdatamodel */ = {isa = PBXFileReference; lastKnownFileType = wrapper.xcdatamodel; path = Tinkoff_Chat.xcdatamodel; sourceTree = "<group>"; };
		8475A6761E693CF4000D134C /* Assets.xcassets */ = {isa = PBXFileReference; lastKnownFileType = folder.assetcatalog; path = Assets.xcassets; sourceTree = "<group>"; };
		8475A6791E693CF4000D134C /* Base */ = {isa = PBXFileReference; lastKnownFileType = file.storyboard; name = Base; path = Base.lproj/LaunchScreen.storyboard; sourceTree = "<group>"; };
		8475A67B1E693CF4000D134C /* Info.plist */ = {isa = PBXFileReference; lastKnownFileType = text.plist.xml; path = Info.plist; sourceTree = "<group>"; };
/* End PBXFileReference section */

/* Begin PBXFrameworksBuildPhase section */
		8475A6661E693CF4000D134C /* Frameworks */ = {
			isa = PBXFrameworksBuildPhase;
			buildActionMask = 2147483647;
			files = (
			);
			runOnlyForDeploymentPostprocessing = 0;
		};
/* End PBXFrameworksBuildPhase section */

/* Begin PBXGroup section */
		8475A6601E693CF4000D134C = {
			isa = PBXGroup;
			children = (
				8475A66B1E693CF4000D134C /* Tinkoff Chat */,
				8475A66A1E693CF4000D134C /* Products */,
			);
			sourceTree = "<group>";
		};
		8475A66A1E693CF4000D134C /* Products */ = {
			isa = PBXGroup;
			children = (
				8475A6691E693CF4000D134C /* Tinkoff Chat.app */,
			);
			name = Products;
			sourceTree = "<group>";
		};
		8475A66B1E693CF4000D134C /* Tinkoff Chat */ = {
			isa = PBXGroup;
			children = (
				8475A66C1E693CF4000D134C /* AppDelegate.swift */,
				8475A66E1E693CF4000D134C /* ViewController.swift */,
				8475A6701E693CF4000D134C /* Main.storyboard */,
				8475A6761E693CF4000D134C /* Assets.xcassets */,
				8475A6781E693CF4000D134C /* LaunchScreen.storyboard */,
				8475A67B1E693CF4000D134C /* Info.plist */,
				8475A6731E693CF4000D134C /* Tinkoff_Chat.xcdatamodeld */,
			);
			path = "Tinkoff Chat";
			sourceTree = "<group>";
		};
/* End PBXGroup section */

/* Begin PBXNativeTarget section */
		8475A6681E693CF4000D134C /* Tinkoff Chat */ = {
			isa = PBXNativeTarget;
			buildConfigurationList = 8475A67E1E693CF4000D134C /* Build configuration list for PBXNativeTarget "Tinkoff Chat" */;
			buildPhases = (
				8475A6651E693CF4000D134C /* Sources */,
				8475A6661E693CF4000D134C /* Frameworks */,
				8475A6671E693CF4000D134C /* Resources */,
			);
			buildRules = (
			);
			dependencies = (
			);
			name = "Tinkoff Chat";
			productName = "Tinkoff Chat";
			productReference = 8475A6691E693CF4000D134C /* Tinkoff Chat.app */;
			productType = "com.apple.product-type.application";
		};
/* End PBXNativeTarget section */

/* Begin PBXProject section */
		8475A6611E693CF4000D134C /* Project object */ = {
			isa = PBXProject;
			attributes = {
				LastSwiftUpdateCheck = 0820;
				LastUpgradeCheck = 0820;
				ORGANIZATIONNAME = "Den prod";
				TargetAttributes = {
					8475A6681E693CF4000D134C = {
						CreatedOnToolsVersion = 8.2.1;
						DevelopmentTeam = 245F79U9NL;
						ProvisioningStyle = Automatic;
					};
				};
			};
			buildConfigurationList = 8475A6641E693CF4000D134C /* Build configuration list for PBXProject "Tinkoff Chat" */;
			compatibilityVersion = "Xcode 3.2";
			developmentRegion = English;
			hasScannedForEncodings = 0;
			knownRegions = (
				en,
				Base,
			);
			mainGroup = 8475A6601E693CF4000D134C;
			productRefGroup = 8475A66A1E693CF4000D134C /* Products */;
			projectDirPath = "";
			projectRoot = "";
			targets = (
				8475A6681E693CF4000D134C /* Tinkoff Chat */,
			);
		};
/* End PBXProject section */

/* Begin PBXResourcesBuildPhase section */
		8475A6671E693CF4000D134C /* Resources */ = {
			isa = PBXResourcesBuildPhase;
			buildActionMask = 2147483647;
			files = (
				8475A67A1E693CF4000D134C /* LaunchScreen.storyboard in Resources */,
				8475A6771E693CF4000D134C /* Assets.xcassets in Resources */,
				8475A6721E693CF4000D134C /* Main.storyboard in Resources */,
			);
			runOnlyForDeploymentPostprocessing = 0;
		};
/* End PBXResourcesBuildPhase section */

/* Begin PBXSourcesBuildPhase section */
		8475A6651E693CF4000D134C /* Sources */ = {
			isa = PBXSourcesBuildPhase;
			buildActionMask = 2147483647;
			files = (
				8475A6751E693CF4000D134C /* Tinkoff_Chat.xcdatamodeld in Sources */,
				8475A66F1E693CF4000D134C /* ViewController.swift in Sources */,
				8475A66D1E693CF4000D134C /* AppDelegate.swift in Sources */,
			);
			runOnlyForDeploymentPostprocessing = 0;
		};
/* End PBXSourcesBuildPhase section */

/* Begin PBXVariantGroup section */
		8475A6701E693CF4000D134C /* Main.storyboard */ = {
			isa = PBXVariantGroup;
			children = (
				8475A6711E693CF4000D134C /* Base */,
			);
			name = Main.storyboard;
			sourceTree = "<group>";
		};
		8475A6781E693CF4000D134C /* LaunchScreen.storyboard */ = {
			isa = PBXVariantGroup;
			children = (
				8475A6791E693CF4000D134C /* Base */,
			);
			name = LaunchScreen.storyboard;
			sourceTree = "<group>";
		};
/* End PBXVariantGroup section */

/* Begin XCBuildConfiguration section */
		8475A67C1E693CF4000D134C /* Debug */ = {
			isa = XCBuildConfiguration;
			buildSettings = {
				ALWAYS_SEARCH_USER_PATHS = NO;
				CLANG_ANALYZER_NONNULL = YES;
				CLANG_CXX_LANGUAGE_STANDARD = "gnu++0x";
				CLANG_CXX_LIBRARY = "libc++";
				CLANG_ENABLE_MODULES = YES;
				CLANG_ENABLE_OBJC_ARC = YES;
				CLANG_WARN_BOOL_CONVERSION = YES;
				CLANG_WARN_CONSTANT_CONVERSION = YES;
				CLANG_WARN_DIRECT_OBJC_ISA_USAGE = YES_ERROR;
				CLANG_WARN_DOCUMENTATION_COMMENTS = YES;
				CLANG_WARN_EMPTY_BODY = YES;
				CLANG_WARN_ENUM_CONVERSION = YES;
				CLANG_WARN_INFINITE_RECURSION = YES;
				CLANG_WARN_INT_CONVERSION = YES;
				CLANG_WARN_OBJC_ROOT_CLASS = YES_ERROR;
				CLANG_WARN_SUSPICIOUS_MOVE = YES;
				CLANG_WARN_UNREACHABLE_CODE = YES;
				CLANG_WARN__DUPLICATE_METHOD_MATCH = YES;
				"CODE_SIGN_IDENTITY[sdk=iphoneos*]" = "iPhone Developer";
				COPY_PHASE_STRIP = NO;
				DEBUG_INFORMATION_FORMAT = dwarf;
				ENABLE_STRICT_OBJC_MSGSEND = YES;
				ENABLE_TESTABILITY = YES;
				GCC_C_LANGUAGE_STANDARD = gnu99;
				GCC_DYNAMIC_NO_PIC = NO;
				GCC_NO_COMMON_BLOCKS = YES;
				GCC_OPTIMIZATION_LEVEL = 0;
				GCC_PREPROCESSOR_DEFINITIONS = (
					"DEBUG=1",
					"$(inherited)",
				);
				GCC_WARN_64_TO_32_BIT_CONVERSION = YES;
				GCC_WARN_ABOUT_RETURN_TYPE = YES_ERROR;
				GCC_WARN_UNDECLARED_SELECTOR = YES;
				GCC_WARN_UNINITIALIZED_AUTOS = YES_AGGRESSIVE;
				GCC_WARN_UNUSED_FUNCTION = YES;
				GCC_WARN_UNUSED_VARIABLE = YES;
				IPHONEOS_DEPLOYMENT_TARGET = 10.2;
				MTL_ENABLE_DEBUG_INFO = YES;
				ONLY_ACTIVE_ARCH = YES;
				SDKROOT = iphoneos;
				SWIFT_ACTIVE_COMPILATION_CONDITIONS = DEBUG;
				SWIFT_OPTIMIZATION_LEVEL = "-Onone";
				TARGETED_DEVICE_FAMILY = "1,2";
			};
			name = Debug;
		};
		8475A67D1E693CF4000D134C /* Release */ = {
			isa = XCBuildConfiguration;
			buildSettings = {
				ALWAYS_SEARCH_USER_PATHS = NO;
				CLANG_ANALYZER_NONNULL = YES;
				CLANG_CXX_LANGUAGE_STANDARD = "gnu++0x";
				CLANG_CXX_LIBRARY = "libc++";
				CLANG_ENABLE_MODULES = YES;
				CLANG_ENABLE_OBJC_ARC = YES;
				CLANG_WARN_BOOL_CONVERSION = YES;
				CLANG_WARN_CONSTANT_CONVERSION = YES;
				CLANG_WARN_DIRECT_OBJC_ISA_USAGE = YES_ERROR;
				CLANG_WARN_DOCUMENTATION_COMMENTS = YES;
				CLANG_WARN_EMPTY_BODY = YES;
				CLANG_WARN_ENUM_CONVERSION = YES;
				CLANG_WARN_INFINITE_RECURSION = YES;
				CLANG_WARN_INT_CONVERSION = YES;
				CLANG_WARN_OBJC_ROOT_CLASS = YES_ERROR;
				CLANG_WARN_SUSPICIOUS_MOVE = YES;
				CLANG_WARN_UNREACHABLE_CODE = YES;
				CLANG_WARN__DUPLICATE_METHOD_MATCH = YES;
				"CODE_SIGN_IDENTITY[sdk=iphoneos*]" = "iPhone Developer";
				COPY_PHASE_STRIP = NO;
				DEBUG_INFORMATION_FORMAT = "dwarf-with-dsym";
				ENABLE_NS_ASSERTIONS = NO;
				ENABLE_STRICT_OBJC_MSGSEND = YES;
				GCC_C_LANGUAGE_STANDARD = gnu99;
				GCC_NO_COMMON_BLOCKS = YES;
				GCC_WARN_64_TO_32_BIT_CONVERSION = YES;
				GCC_WARN_ABOUT_RETURN_TYPE = YES_ERROR;
				GCC_WARN_UNDECLARED_SELECTOR = YES;
				GCC_WARN_UNINITIALIZED_AUTOS = YES_AGGRESSIVE;
				GCC_WARN_UNUSED_FUNCTION = YES;
				GCC_WARN_UNUSED_VARIABLE = YES;
				IPHONEOS_DEPLOYMENT_TARGET = 10.2;
				MTL_ENABLE_DEBUG_INFO = NO;
				SDKROOT = iphoneos;
				SWIFT_OPTIMIZATION_LEVEL = "-Owholemodule";
				TARGETED_DEVICE_FAMILY = "1,2";
				VALIDATE_PRODUCT = YES;
			};
			name = Release;
		};
		8475A67F1E693CF4000D134C /* Debug */ = {
			isa = XCBuildConfiguration;
			buildSettings = {
				ASSETCATALOG_COMPILER_APPICON_NAME = AppIcon;
				DEVELOPMENT_TEAM = 245F79U9NL;
				INFOPLIST_FILE = "Tinkoff Chat/Info.plist";
				LD_RUNPATH_SEARCH_PATHS = "$(inherited) @executable_path/Frameworks";
				PRODUCT_BUNDLE_IDENTIFIER = "ru.den-prod.Tinkoff-Chat";
				PRODUCT_NAME = "$(TARGET_NAME)";
				SWIFT_VERSION = 3.0;
			};
			name = Debug;
		};
		8475A6801E693CF4000D134C /* Release */ = {
			isa = XCBuildConfiguration;
			buildSettings = {
				ASSETCATALOG_COMPILER_APPICON_NAME = AppIcon;
				DEVELOPMENT_TEAM = 245F79U9NL;
				INFOPLIST_FILE = "Tinkoff Chat/Info.plist";
				LD_RUNPATH_SEARCH_PATHS = "$(inherited) @executable_path/Frameworks";
				PRODUCT_BUNDLE_IDENTIFIER = "ru.den-prod.Tinkoff-Chat";
				PRODUCT_NAME = "$(TARGET_NAME)";
				SWIFT_VERSION = 3.0;
			};
			name = Release;
		};
/* End XCBuildConfiguration section */

/* Begin XCConfigurationList section */
		8475A6641E693CF4000D134C /* Build configuration list for PBXProject "Tinkoff Chat" */ = {
			isa = XCConfigurationList;
			buildConfigurations = (
				8475A67C1E693CF4000D134C /* Debug */,
				8475A67D1E693CF4000D134C /* Release */,
			);
			defaultConfigurationIsVisible = 0;
			defaultConfigurationName = Release;
		};
		8475A67E1E693CF4000D134C /* Build configuration list for PBXNativeTarget "Tinkoff Chat" */ = {
			isa = XCConfigurationList;
			buildConfigurations = (
				8475A67F1E693CF4000D134C /* Debug */,
				8475A6801E693CF4000D134C /* Release */,
			);
			defaultConfigurationIsVisible = 0;
		};
/* End XCConfigurationList section */

/* Begin XCVersionGroup section */
		8475A6731E693CF4000D134C /* Tinkoff_Chat.xcdatamodeld */ = {
			isa = XCVersionGroup;
			children = (
				8475A6741E693CF4000D134C /* Tinkoff_Chat.xcdatamodel */,
			);
			currentVersion = 8475A6741E693CF4000D134C /* Tinkoff_Chat.xcdatamodel */;
			path = Tinkoff_Chat.xcdatamodeld;
			sourceTree = "<group>";
			versionGroupType = wrapper.xcdatamodel;
		};
/* End XCVersionGroup section */
	};
	rootObject = 8475A6611E693CF4000D134C /* Project object */;
}
