// !$*UTF8*$!
{
	archiveVersion = 1;
	classes = {
	};
	objectVersion = 46;
	objects = {

/* Begin PBXBuildFile section */
		84075CD81EC8DB6500F85F30 /* RandomAvatarViewController.swift in Sources */ = {isa = PBXBuildFile; fileRef = 84075CD71EC8DB6500F85F30 /* RandomAvatarViewController.swift */; };
		84075CDA1EC8E3F900F85F30 /* WebPicCollectionViewCell.swift in Sources */ = {isa = PBXBuildFile; fileRef = 84075CD91EC8E3F900F85F30 /* WebPicCollectionViewCell.swift */; };
		84075CDC1EC8F08800F85F30 /* PixabayImageProvider.swift in Sources */ = {isa = PBXBuildFile; fileRef = 84075CDB1EC8F08800F85F30 /* PixabayImageProvider.swift */; };
		840AF2DE1EB7B74200A1AD14 /* ManagedObjectsExtensions.swift in Sources */ = {isa = PBXBuildFile; fileRef = 840AF2DD1EB7B74200A1AD14 /* ManagedObjectsExtensions.swift */; };
		840B8C6A1EB3592B0024FA99 /* Storage.xcdatamodeld in Sources */ = {isa = PBXBuildFile; fileRef = 840B8C681EB3592B0024FA99 /* Storage.xcdatamodeld */; };
		84660C7A1EAFA2CA00ACE9EE /* CoreDataStack.swift in Sources */ = {isa = PBXBuildFile; fileRef = 84660C791EAFA2CA00ACE9EE /* CoreDataStack.swift */; };
		8492CB021EC38EAA0067B121 /* ConversationsDataManager.swift in Sources */ = {isa = PBXBuildFile; fileRef = 8492CB011EC38EAA0067B121 /* ConversationsDataManager.swift */; };
		8492CB061EC3B9BE0067B121 /* ConversationsDataService .swift in Sources */ = {isa = PBXBuildFile; fileRef = 8492CB051EC3B9BE0067B121 /* ConversationsDataService .swift */; };
		8492CB081EC8BA870067B121 /* ConversationDataProvider.swift in Sources */ = {isa = PBXBuildFile; fileRef = 8492CB071EC8BA870067B121 /* ConversationDataProvider.swift */; };
		84A5909A1EA54277005C175E /* LaunchScreen.storyboard in Resources */ = {isa = PBXBuildFile; fileRef = 84A590981EA54277005C175E /* LaunchScreen.storyboard */; };
		84AF9EA91EA4CDD10089EA38 /* Main.storyboard in Resources */ = {isa = PBXBuildFile; fileRef = 84AF9E961EA4CDD10089EA38 /* Main.storyboard */; };
		84AF9EAA1EA4CDD10089EA38 /* ConversationViewController.swift in Sources */ = {isa = PBXBuildFile; fileRef = 84AF9E9A1EA4CDD10089EA38 /* ConversationViewController.swift */; };
		84AF9EAB1EA4CDD10089EA38 /* MessageCellConfiguration.swift in Sources */ = {isa = PBXBuildFile; fileRef = 84AF9E9C1EA4CDD10089EA38 /* MessageCellConfiguration.swift */; };
		84AF9EAC1EA4CDD10089EA38 /* MessageTableViewCell.swift in Sources */ = {isa = PBXBuildFile; fileRef = 84AF9E9D1EA4CDD10089EA38 /* MessageTableViewCell.swift */; };
		84AF9EAD1EA4CDD10089EA38 /* Messages.swift in Sources */ = {isa = PBXBuildFile; fileRef = 84AF9E9E1EA4CDD10089EA38 /* Messages.swift */; };
		84AF9EAE1EA4CDD10089EA38 /* MessagesListPresenter.swift in Sources */ = {isa = PBXBuildFile; fileRef = 84AF9E9F1EA4CDD10089EA38 /* MessagesListPresenter.swift */; };
		84AF9EAF1EA4CDD10089EA38 /* ConversationCellConfiguration.swift in Sources */ = {isa = PBXBuildFile; fileRef = 84AF9EA21EA4CDD10089EA38 /* ConversationCellConfiguration.swift */; };
		84AF9EB01EA4CDD10089EA38 /* ConversationTableViewCell.swift in Sources */ = {isa = PBXBuildFile; fileRef = 84AF9EA31EA4CDD10089EA38 /* ConversationTableViewCell.swift */; };
		84AF9EB11EA4CDD10089EA38 /* ConversationTableViewCell.xib in Resources */ = {isa = PBXBuildFile; fileRef = 84AF9EA41EA4CDD10089EA38 /* ConversationTableViewCell.xib */; };
		84AF9EB21EA4CDD10089EA38 /* ConversationsListViewController.swift in Sources */ = {isa = PBXBuildFile; fileRef = 84AF9EA51EA4CDD10089EA38 /* ConversationsListViewController.swift */; };
		84AF9EB31EA4CDD10089EA38 /* UsersListPresenter.swift in Sources */ = {isa = PBXBuildFile; fileRef = 84AF9EA61EA4CDD10089EA38 /* UsersListPresenter.swift */; };
		84AF9EB41EA4CDD10089EA38 /* ProfileViewController.swift in Sources */ = {isa = PBXBuildFile; fileRef = 84AF9EA81EA4CDD10089EA38 /* ProfileViewController.swift */; };
		84AF9EBE1EA4CDDE0089EA38 /* AppDelegate.swift in Sources */ = {isa = PBXBuildFile; fileRef = 84AF9EB61EA4CDDE0089EA38 /* AppDelegate.swift */; };
		84AF9EBF1EA4CDDE0089EA38 /* Assets.xcassets in Resources */ = {isa = PBXBuildFile; fileRef = 84AF9EB71EA4CDDE0089EA38 /* Assets.xcassets */; };
		84AF9ED11EA4CDEF0089EA38 /* CommunicationManager.swift in Sources */ = {isa = PBXBuildFile; fileRef = 84AF9EC61EA4CDEF0089EA38 /* CommunicationManager.swift */; };
		84AF9ED21EA4CDEF0089EA38 /* CommunicatorDelegate.swift in Sources */ = {isa = PBXBuildFile; fileRef = 84AF9EC71EA4CDEF0089EA38 /* CommunicatorDelegate.swift */; };
		84AF9ED31EA4CDEF0089EA38 /* GCDDataManager.swift in Sources */ = {isa = PBXBuildFile; fileRef = 84AF9ECA1EA4CDEF0089EA38 /* GCDDataManager.swift */; };
		84AF9ED71EA4CDEF0089EA38 /* ProfileDataManager.swift in Sources */ = {isa = PBXBuildFile; fileRef = 84AF9ED01EA4CDEF0089EA38 /* ProfileDataManager.swift */; };
		84AF9EDF1EA4CDF60089EA38 /* Communicator.swift in Sources */ = {isa = PBXBuildFile; fileRef = 84AF9EDA1EA4CDF60089EA38 /* Communicator.swift */; };
		84AF9EE01EA4CDF60089EA38 /* MultipeerCommunicator.swift in Sources */ = {isa = PBXBuildFile; fileRef = 84AF9EDB1EA4CDF60089EA38 /* MultipeerCommunicator.swift */; };
		84AF9EE11EA4CDF60089EA38 /* ProfileData.swift in Sources */ = {isa = PBXBuildFile; fileRef = 84AF9EDD1EA4CDF60089EA38 /* ProfileData.swift */; };
/* End PBXBuildFile section */

/* Begin PBXFileReference section */
		84075CD71EC8DB6500F85F30 /* RandomAvatarViewController.swift */ = {isa = PBXFileReference; fileEncoding = 4; lastKnownFileType = sourcecode.swift; path = RandomAvatarViewController.swift; sourceTree = "<group>"; };
		84075CD91EC8E3F900F85F30 /* WebPicCollectionViewCell.swift */ = {isa = PBXFileReference; fileEncoding = 4; lastKnownFileType = sourcecode.swift; path = WebPicCollectionViewCell.swift; sourceTree = "<group>"; };
		84075CDB1EC8F08800F85F30 /* PixabayImageProvider.swift */ = {isa = PBXFileReference; fileEncoding = 4; lastKnownFileType = sourcecode.swift; path = PixabayImageProvider.swift; sourceTree = "<group>"; };
		840AF2DD1EB7B74200A1AD14 /* ManagedObjectsExtensions.swift */ = {isa = PBXFileReference; fileEncoding = 4; lastKnownFileType = sourcecode.swift; path = ManagedObjectsExtensions.swift; sourceTree = "<group>"; };
		840B8C691EB3592B0024FA99 /* Storage.xcdatamodel */ = {isa = PBXFileReference; lastKnownFileType = wrapper.xcdatamodel; path = Storage.xcdatamodel; sourceTree = "<group>"; };
		84660C791EAFA2CA00ACE9EE /* CoreDataStack.swift */ = {isa = PBXFileReference; fileEncoding = 4; lastKnownFileType = sourcecode.swift; path = CoreDataStack.swift; sourceTree = "<group>"; };
		8475A6691E693CF4000D134C /* Tinkoff Chat.app */ = {isa = PBXFileReference; explicitFileType = wrapper.application; includeInIndex = 0; path = "Tinkoff Chat.app"; sourceTree = BUILT_PRODUCTS_DIR; };
		8492CB011EC38EAA0067B121 /* ConversationsDataManager.swift */ = {isa = PBXFileReference; fileEncoding = 4; lastKnownFileType = sourcecode.swift; name = ConversationsDataManager.swift; path = "Profile Data Managers/ConversationsDataManager.swift"; sourceTree = "<group>"; };
		8492CB051EC3B9BE0067B121 /* ConversationsDataService .swift */ = {isa = PBXFileReference; fileEncoding = 4; lastKnownFileType = sourcecode.swift; path = "ConversationsDataService .swift"; sourceTree = "<group>"; };
		8492CB071EC8BA870067B121 /* ConversationDataProvider.swift */ = {isa = PBXFileReference; fileEncoding = 4; lastKnownFileType = sourcecode.swift; path = ConversationDataProvider.swift; sourceTree = "<group>"; };
		84A590991EA54277005C175E /* Base */ = {isa = PBXFileReference; lastKnownFileType = file.storyboard; name = Base; path = Base.lproj/LaunchScreen.storyboard; sourceTree = "<group>"; };
		84AF9E971EA4CDD10089EA38 /* Base */ = {isa = PBXFileReference; lastKnownFileType = file.storyboard; name = Base; path = Base.lproj/Main.storyboard; sourceTree = "<group>"; };
		84AF9E9A1EA4CDD10089EA38 /* ConversationViewController.swift */ = {isa = PBXFileReference; fileEncoding = 4; lastKnownFileType = sourcecode.swift; path = ConversationViewController.swift; sourceTree = "<group>"; };
		84AF9E9C1EA4CDD10089EA38 /* MessageCellConfiguration.swift */ = {isa = PBXFileReference; fileEncoding = 4; lastKnownFileType = sourcecode.swift; path = MessageCellConfiguration.swift; sourceTree = "<group>"; };
		84AF9E9D1EA4CDD10089EA38 /* MessageTableViewCell.swift */ = {isa = PBXFileReference; fileEncoding = 4; lastKnownFileType = sourcecode.swift; path = MessageTableViewCell.swift; sourceTree = "<group>"; };
		84AF9E9E1EA4CDD10089EA38 /* Messages.swift */ = {isa = PBXFileReference; fileEncoding = 4; lastKnownFileType = sourcecode.swift; path = Messages.swift; sourceTree = "<group>"; };
		84AF9E9F1EA4CDD10089EA38 /* MessagesListPresenter.swift */ = {isa = PBXFileReference; fileEncoding = 4; lastKnownFileType = sourcecode.swift; path = MessagesListPresenter.swift; sourceTree = "<group>"; };
		84AF9EA21EA4CDD10089EA38 /* ConversationCellConfiguration.swift */ = {isa = PBXFileReference; fileEncoding = 4; lastKnownFileType = sourcecode.swift; path = ConversationCellConfiguration.swift; sourceTree = "<group>"; };
		84AF9EA31EA4CDD10089EA38 /* ConversationTableViewCell.swift */ = {isa = PBXFileReference; fileEncoding = 4; lastKnownFileType = sourcecode.swift; path = ConversationTableViewCell.swift; sourceTree = "<group>"; };
		84AF9EA41EA4CDD10089EA38 /* ConversationTableViewCell.xib */ = {isa = PBXFileReference; fileEncoding = 4; lastKnownFileType = file.xib; path = ConversationTableViewCell.xib; sourceTree = "<group>"; };
		84AF9EA51EA4CDD10089EA38 /* ConversationsListViewController.swift */ = {isa = PBXFileReference; fileEncoding = 4; lastKnownFileType = sourcecode.swift; path = ConversationsListViewController.swift; sourceTree = "<group>"; };
		84AF9EA61EA4CDD10089EA38 /* UsersListPresenter.swift */ = {isa = PBXFileReference; fileEncoding = 4; lastKnownFileType = sourcecode.swift; path = UsersListPresenter.swift; sourceTree = "<group>"; };
		84AF9EA81EA4CDD10089EA38 /* ProfileViewController.swift */ = {isa = PBXFileReference; fileEncoding = 4; lastKnownFileType = sourcecode.swift; path = ProfileViewController.swift; sourceTree = "<group>"; };
		84AF9EB61EA4CDDE0089EA38 /* AppDelegate.swift */ = {isa = PBXFileReference; fileEncoding = 4; lastKnownFileType = sourcecode.swift; path = AppDelegate.swift; sourceTree = "<group>"; };
		84AF9EB71EA4CDDE0089EA38 /* Assets.xcassets */ = {isa = PBXFileReference; lastKnownFileType = folder.assetcatalog; path = Assets.xcassets; sourceTree = "<group>"; };
		84AF9EBB1EA4CDDE0089EA38 /* Info.plist */ = {isa = PBXFileReference; fileEncoding = 4; lastKnownFileType = text.plist.xml; path = Info.plist; sourceTree = "<group>"; };
		84AF9EC61EA4CDEF0089EA38 /* CommunicationManager.swift */ = {isa = PBXFileReference; fileEncoding = 4; lastKnownFileType = sourcecode.swift; path = CommunicationManager.swift; sourceTree = "<group>"; };
		84AF9EC71EA4CDEF0089EA38 /* CommunicatorDelegate.swift */ = {isa = PBXFileReference; fileEncoding = 4; lastKnownFileType = sourcecode.swift; path = CommunicatorDelegate.swift; sourceTree = "<group>"; };
		84AF9ECA1EA4CDEF0089EA38 /* GCDDataManager.swift */ = {isa = PBXFileReference; fileEncoding = 4; lastKnownFileType = sourcecode.swift; name = GCDDataManager.swift; path = "GCD Data Manager/GCDDataManager.swift"; sourceTree = "<group>"; };
		84AF9ED01EA4CDEF0089EA38 /* ProfileDataManager.swift */ = {isa = PBXFileReference; fileEncoding = 4; lastKnownFileType = sourcecode.swift; path = ProfileDataManager.swift; sourceTree = "<group>"; };
		84AF9EDA1EA4CDF60089EA38 /* Communicator.swift */ = {isa = PBXFileReference; fileEncoding = 4; lastKnownFileType = sourcecode.swift; path = Communicator.swift; sourceTree = "<group>"; };
		84AF9EDB1EA4CDF60089EA38 /* MultipeerCommunicator.swift */ = {isa = PBXFileReference; fileEncoding = 4; lastKnownFileType = sourcecode.swift; path = MultipeerCommunicator.swift; sourceTree = "<group>"; };
		84AF9EDD1EA4CDF60089EA38 /* ProfileData.swift */ = {isa = PBXFileReference; fileEncoding = 4; lastKnownFileType = sourcecode.swift; name = ProfileData.swift; path = "../../Core Layer/Profile Data Operator/ProfileData.swift"; sourceTree = "<group>"; };
/* End PBXFileReference section */

/* Begin PBXFrameworksBuildPhase section */
		8475A6661E693CF4000D134C /* Frameworks */ = {
			isa = PBXFrameworksBuildPhase;
			buildActionMask = 2147483647;
			files = (
			);
			runOnlyForDeploymentPostprocessing = 0;
		};
/* End PBXFrameworksBuildPhase section */

/* Begin PBXGroup section */
		84660C7B1EAFA2E400ACE9EE /* Core Data */ = {
			isa = PBXGroup;
			children = (
				84660C791EAFA2CA00ACE9EE /* CoreDataStack.swift */,
				840AF2DD1EB7B74200A1AD14 /* ManagedObjectsExtensions.swift */,
				8492CB071EC8BA870067B121 /* ConversationDataProvider.swift */,
				840B8C681EB3592B0024FA99 /* Storage.xcdatamodeld */,
			);
			name = "Core Data";
			sourceTree = "<group>";
		};
		8475A6601E693CF4000D134C = {
			isa = PBXGroup;
			children = (
				8475A66A1E693CF4000D134C /* Products */,
				8475A66B1E693CF4000D134C /* Tinkoff Chat */,
			);
			sourceTree = "<group>";
		};
		8475A66A1E693CF4000D134C /* Products */ = {
			isa = PBXGroup;
			children = (
				8475A6691E693CF4000D134C /* Tinkoff Chat.app */,
			);
			name = Products;
			sourceTree = "<group>";
		};
		8475A66B1E693CF4000D134C /* Tinkoff Chat */ = {
			isa = PBXGroup;
			children = (
				84AF9E951EA4CDD10089EA38 /* Presentation Layer */,
				84AF9EC41EA4CDEF0089EA38 /* Service Layer */,
				84AF9ED81EA4CDF60089EA38 /* Core Layer */,
				84AF9EB61EA4CDDE0089EA38 /* AppDelegate.swift */,
				84AF9EB71EA4CDDE0089EA38 /* Assets.xcassets */,
				84AF9EBB1EA4CDDE0089EA38 /* Info.plist */,
			);
			path = "Tinkoff Chat";
			sourceTree = "<group>";
		};
		8492CB031EC38EBC0067B121 /* Conversations */ = {
			isa = PBXGroup;
			children = (
				8492CB011EC38EAA0067B121 /* ConversationsDataManager.swift */,
				8492CB051EC3B9BE0067B121 /* ConversationsDataService .swift */,
			);
			name = Conversations;
			sourceTree = "<group>";
		};
		8492CB041EC38F110067B121 /* Data Managers  */ = {
			isa = PBXGroup;
			children = (
				84AF9EC81EA4CDEF0089EA38 /* Profile */,
				8492CB031EC38EBC0067B121 /* Conversations */,
			);
			name = "Data Managers ";
			sourceTree = "<group>";
		};
		84AF9E951EA4CDD10089EA38 /* Presentation Layer */ = {
			isa = PBXGroup;
			children = (
				84AF9E961EA4CDD10089EA38 /* Main.storyboard */,
				84A590981EA54277005C175E /* LaunchScreen.storyboard */,
				84AF9E981EA4CDD10089EA38 /* View Controllers */,
			);
			path = "Presentation Layer";
			sourceTree = "<group>";
		};
		84AF9E981EA4CDD10089EA38 /* View Controllers */ = {
			isa = PBXGroup;
			children = (
				84AF9EA71EA4CDD10089EA38 /* Profile */,
				84AF9E991EA4CDD10089EA38 /* Conversation */,
				84AF9EA01EA4CDD10089EA38 /* Conversations List */,
			);
			path = "View Controllers";
			sourceTree = "<group>";
		};
		84AF9E991EA4CDD10089EA38 /* Conversation */ = {
			isa = PBXGroup;
			children = (
				84AF9E9B1EA4CDD10089EA38 /* Message cell */,
				84AF9E9A1EA4CDD10089EA38 /* ConversationViewController.swift */,
				84AF9E9E1EA4CDD10089EA38 /* Messages.swift */,
				84AF9E9F1EA4CDD10089EA38 /* MessagesListPresenter.swift */,
			);
			path = Conversation;
			sourceTree = "<group>";
		};
		84AF9E9B1EA4CDD10089EA38 /* Message cell */ = {
			isa = PBXGroup;
			children = (
				84AF9E9C1EA4CDD10089EA38 /* MessageCellConfiguration.swift */,
				84AF9E9D1EA4CDD10089EA38 /* MessageTableViewCell.swift */,
			);
			path = "Message cell";
			sourceTree = "<group>";
		};
		84AF9EA01EA4CDD10089EA38 /* Conversations List */ = {
			isa = PBXGroup;
			children = (
				84AF9EA11EA4CDD10089EA38 /* Conversation Cell */,
				84AF9EA51EA4CDD10089EA38 /* ConversationsListViewController.swift */,
				84AF9EA61EA4CDD10089EA38 /* UsersListPresenter.swift */,
			);
			path = "Conversations List";
			sourceTree = "<group>";
		};
		84AF9EA11EA4CDD10089EA38 /* Conversation Cell */ = {
			isa = PBXGroup;
			children = (
				84AF9EA21EA4CDD10089EA38 /* ConversationCellConfiguration.swift */,
				84AF9EA31EA4CDD10089EA38 /* ConversationTableViewCell.swift */,
				84AF9EA41EA4CDD10089EA38 /* ConversationTableViewCell.xib */,
			);
			path = "Conversation Cell";
			sourceTree = "<group>";
		};
		84AF9EA71EA4CDD10089EA38 /* Profile */ = {
			isa = PBXGroup;
			children = (
				84AF9EA81EA4CDD10089EA38 /* ProfileViewController.swift */,
				84075CD71EC8DB6500F85F30 /* RandomAvatarViewController.swift */,
				84075CDB1EC8F08800F85F30 /* PixabayImageProvider.swift */,
				84075CD91EC8E3F900F85F30 /* WebPicCollectionViewCell.swift */,
			);
			path = Profile;
			sourceTree = "<group>";
		};
		84AF9EC41EA4CDEF0089EA38 /* Service Layer */ = {
			isa = PBXGroup;
			children = (
				84AF9EC51EA4CDEF0089EA38 /* Communication Manager */,
				8492CB041EC38F110067B121 /* Data Managers  */,
			);
			path = "Service Layer";
			sourceTree = "<group>";
		};
		84AF9EC51EA4CDEF0089EA38 /* Communication Manager */ = {
			isa = PBXGroup;
			children = (
				84AF9EC61EA4CDEF0089EA38 /* CommunicationManager.swift */,
				84AF9EC71EA4CDEF0089EA38 /* CommunicatorDelegate.swift */,
			);
			path = "Communication Manager";
			sourceTree = "<group>";
		};
		84AF9EC81EA4CDEF0089EA38 /* Profile */ = {
			isa = PBXGroup;
			children = (
				84AF9ED01EA4CDEF0089EA38 /* ProfileDataManager.swift */,
				84AF9ECA1EA4CDEF0089EA38 /* GCDDataManager.swift */,
				84AF9EDD1EA4CDF60089EA38 /* ProfileData.swift */,
			);
			name = Profile;
			path = "Profile Data Managers";
			sourceTree = "<group>";
		};
		84AF9ED81EA4CDF60089EA38 /* Core Layer */ = {
			isa = PBXGroup;
			children = (
				84AF9ED91EA4CDF60089EA38 /* Communicator */,
				84660C7B1EAFA2E400ACE9EE /* Core Data */,
			);
			path = "Core Layer";
			sourceTree = "<group>";
		};
		84AF9ED91EA4CDF60089EA38 /* Communicator */ = {
			isa = PBXGroup;
			children = (
				84AF9EDA1EA4CDF60089EA38 /* Communicator.swift */,
				84AF9EDB1EA4CDF60089EA38 /* MultipeerCommunicator.swift */,
			);
			path = Communicator;
			sourceTree = "<group>";
		};
/* End PBXGroup section */

/* Begin PBXNativeTarget section */
		8475A6681E693CF4000D134C /* Tinkoff Chat */ = {
			isa = PBXNativeTarget;
			buildConfigurationList = 8475A67E1E693CF4000D134C /* Build configuration list for PBXNativeTarget "Tinkoff Chat" */;
			buildPhases = (
				8475A6651E693CF4000D134C /* Sources */,
				8475A6661E693CF4000D134C /* Frameworks */,
				8475A6671E693CF4000D134C /* Resources */,
			);
			buildRules = (
			);
			dependencies = (
			);
			name = "Tinkoff Chat";
			productName = "Tinkoff Chat";
			productReference = 8475A6691E693CF4000D134C /* Tinkoff Chat.app */;
			productType = "com.apple.product-type.application";
		};
/* End PBXNativeTarget section */

/* Begin PBXProject section */
		8475A6611E693CF4000D134C /* Project object */ = {
			isa = PBXProject;
			attributes = {
				LastSwiftUpdateCheck = 0820;
				LastUpgradeCheck = 0830;
				ORGANIZATIONNAME = "Den prod";
				TargetAttributes = {
					8475A6681E693CF4000D134C = {
						CreatedOnToolsVersion = 8.2.1;
						DevelopmentTeam = 245F79U9NL;
						ProvisioningStyle = Automatic;
					};
				};
			};
			buildConfigurationList = 8475A6641E693CF4000D134C /* Build configuration list for PBXProject "Tinkoff Chat" */;
			compatibilityVersion = "Xcode 3.2";
			developmentRegion = English;
			hasScannedForEncodings = 0;
			knownRegions = (
				en,
				Base,
			);
			mainGroup = 8475A6601E693CF4000D134C;
			productRefGroup = 8475A66A1E693CF4000D134C /* Products */;
			projectDirPath = "";
			projectRoot = "";
			targets = (
				8475A6681E693CF4000D134C /* Tinkoff Chat */,
			);
		};
/* End PBXProject section */

/* Begin PBXResourcesBuildPhase section */
		8475A6671E693CF4000D134C /* Resources */ = {
			isa = PBXResourcesBuildPhase;
			buildActionMask = 2147483647;
			files = (
				84AF9EB11EA4CDD10089EA38 /* ConversationTableViewCell.xib in Resources */,
				84A5909A1EA54277005C175E /* LaunchScreen.storyboard in Resources */,
				84AF9EBF1EA4CDDE0089EA38 /* Assets.xcassets in Resources */,
				84AF9EA91EA4CDD10089EA38 /* Main.storyboard in Resources */,
			);
			runOnlyForDeploymentPostprocessing = 0;
		};
/* End PBXResourcesBuildPhase section */

/* Begin PBXSourcesBuildPhase section */
		8475A6651E693CF4000D134C /* Sources */ = {
			isa = PBXSourcesBuildPhase;
			buildActionMask = 2147483647;
			files = (
				84AF9EBE1EA4CDDE0089EA38 /* AppDelegate.swift in Sources */,
				8492CB081EC8BA870067B121 /* ConversationDataProvider.swift in Sources */,
				840B8C6A1EB3592B0024FA99 /* Storage.xcdatamodeld in Sources */,
				84AF9EAB1EA4CDD10089EA38 /* MessageCellConfiguration.swift in Sources */,
				84AF9ED31EA4CDEF0089EA38 /* GCDDataManager.swift in Sources */,
				840AF2DE1EB7B74200A1AD14 /* ManagedObjectsExtensions.swift in Sources */,
				84075CD81EC8DB6500F85F30 /* RandomAvatarViewController.swift in Sources */,
				84AF9EB21EA4CDD10089EA38 /* ConversationsListViewController.swift in Sources */,
				84075CDC1EC8F08800F85F30 /* PixabayImageProvider.swift in Sources */,
				84AF9EB41EA4CDD10089EA38 /* ProfileViewController.swift in Sources */,
				84AF9ED11EA4CDEF0089EA38 /* CommunicationManager.swift in Sources */,
				8492CB021EC38EAA0067B121 /* ConversationsDataManager.swift in Sources */,
				84AF9EE01EA4CDF60089EA38 /* MultipeerCommunicator.swift in Sources */,
				84075CDA1EC8E3F900F85F30 /* WebPicCollectionViewCell.swift in Sources */,
				84AF9EAF1EA4CDD10089EA38 /* ConversationCellConfiguration.swift in Sources */,
				84AF9EDF1EA4CDF60089EA38 /* Communicator.swift in Sources */,
				84AF9ED21EA4CDEF0089EA38 /* CommunicatorDelegate.swift in Sources */,
				84AF9EAD1EA4CDD10089EA38 /* Messages.swift in Sources */,
				84AF9EB01EA4CDD10089EA38 /* ConversationTableViewCell.swift in Sources */,
				84AF9EAE1EA4CDD10089EA38 /* MessagesListPresenter.swift in Sources */,
				84AF9EB31EA4CDD10089EA38 /* UsersListPresenter.swift in Sources */,
				84AF9EE11EA4CDF60089EA38 /* ProfileData.swift in Sources */,
				84660C7A1EAFA2CA00ACE9EE /* CoreDataStack.swift in Sources */,
				84AF9EAA1EA4CDD10089EA38 /* ConversationViewController.swift in Sources */,
				8492CB061EC3B9BE0067B121 /* ConversationsDataService .swift in Sources */,
				84AF9ED71EA4CDEF0089EA38 /* ProfileDataManager.swift in Sources */,
				84AF9EAC1EA4CDD10089EA38 /* MessageTableViewCell.swift in Sources */,
			);
			runOnlyForDeploymentPostprocessing = 0;
		};
/* End PBXSourcesBuildPhase section */

/* Begin PBXVariantGroup section */
		84A590981EA54277005C175E /* LaunchScreen.storyboard */ = {
			isa = PBXVariantGroup;
			children = (
				84A590991EA54277005C175E /* Base */,
			);
			name = LaunchScreen.storyboard;
			sourceTree = "<group>";
		};
		84AF9E961EA4CDD10089EA38 /* Main.storyboard */ = {
			isa = PBXVariantGroup;
			children = (
				84AF9E971EA4CDD10089EA38 /* Base */,
			);
			name = Main.storyboard;
			path = .;
			sourceTree = "<group>";
		};
/* End PBXVariantGroup section */

/* Begin XCBuildConfiguration section */
		8475A67C1E693CF4000D134C /* Debug */ = {
			isa = XCBuildConfiguration;
			buildSettings = {
				ALWAYS_SEARCH_USER_PATHS = NO;
				CLANG_ANALYZER_NONNULL = YES;
				CLANG_CXX_LANGUAGE_STANDARD = "gnu++0x";
				CLANG_CXX_LIBRARY = "libc++";
				CLANG_ENABLE_MODULES = YES;
				CLANG_ENABLE_OBJC_ARC = YES;
				CLANG_WARN_BOOL_CONVERSION = YES;
				CLANG_WARN_CONSTANT_CONVERSION = YES;
				CLANG_WARN_DIRECT_OBJC_ISA_USAGE = YES_ERROR;
				CLANG_WARN_DOCUMENTATION_COMMENTS = YES;
				CLANG_WARN_EMPTY_BODY = YES;
				CLANG_WARN_ENUM_CONVERSION = YES;
				CLANG_WARN_INFINITE_RECURSION = YES;
				CLANG_WARN_INT_CONVERSION = YES;
				CLANG_WARN_OBJC_ROOT_CLASS = YES_ERROR;
				CLANG_WARN_SUSPICIOUS_MOVE = YES;
				CLANG_WARN_UNREACHABLE_CODE = YES;
				CLANG_WARN__DUPLICATE_METHOD_MATCH = YES;
				"CODE_SIGN_IDENTITY[sdk=iphoneos*]" = "iPhone Developer";
				COPY_PHASE_STRIP = NO;
				DEBUG_INFORMATION_FORMAT = dwarf;
				ENABLE_STRICT_OBJC_MSGSEND = YES;
				ENABLE_TESTABILITY = YES;
				GCC_C_LANGUAGE_STANDARD = gnu99;
				GCC_DYNAMIC_NO_PIC = NO;
				GCC_NO_COMMON_BLOCKS = YES;
				GCC_OPTIMIZATION_LEVEL = 0;
				GCC_PREPROCESSOR_DEFINITIONS = (
					"DEBUG=1",
					"$(inherited)",
				);
				GCC_WARN_64_TO_32_BIT_CONVERSION = YES;
				GCC_WARN_ABOUT_RETURN_TYPE = YES_ERROR;
				GCC_WARN_UNDECLARED_SELECTOR = YES;
				GCC_WARN_UNINITIALIZED_AUTOS = YES_AGGRESSIVE;
				GCC_WARN_UNUSED_FUNCTION = YES;
				GCC_WARN_UNUSED_VARIABLE = YES;
				IPHONEOS_DEPLOYMENT_TARGET = 10.2;
				MTL_ENABLE_DEBUG_INFO = YES;
				ONLY_ACTIVE_ARCH = YES;
				SDKROOT = iphoneos;
				SWIFT_ACTIVE_COMPILATION_CONDITIONS = DEBUG;
				SWIFT_OPTIMIZATION_LEVEL = "-Onone";
				TARGETED_DEVICE_FAMILY = "1,2";
			};
			name = Debug;
		};
		8475A67D1E693CF4000D134C /* Release */ = {
			isa = XCBuildConfiguration;
			buildSettings = {
				ALWAYS_SEARCH_USER_PATHS = NO;
				CLANG_ANALYZER_NONNULL = YES;
				CLANG_CXX_LANGUAGE_STANDARD = "gnu++0x";
				CLANG_CXX_LIBRARY = "libc++";
				CLANG_ENABLE_MODULES = YES;
				CLANG_ENABLE_OBJC_ARC = YES;
				CLANG_WARN_BOOL_CONVERSION = YES;
				CLANG_WARN_CONSTANT_CONVERSION = YES;
				CLANG_WARN_DIRECT_OBJC_ISA_USAGE = YES_ERROR;
				CLANG_WARN_DOCUMENTATION_COMMENTS = YES;
				CLANG_WARN_EMPTY_BODY = YES;
				CLANG_WARN_ENUM_CONVERSION = YES;
				CLANG_WARN_INFINITE_RECURSION = YES;
				CLANG_WARN_INT_CONVERSION = YES;
				CLANG_WARN_OBJC_ROOT_CLASS = YES_ERROR;
				CLANG_WARN_SUSPICIOUS_MOVE = YES;
				CLANG_WARN_UNREACHABLE_CODE = YES;
				CLANG_WARN__DUPLICATE_METHOD_MATCH = YES;
				"CODE_SIGN_IDENTITY[sdk=iphoneos*]" = "iPhone Developer";
				COPY_PHASE_STRIP = NO;
				DEBUG_INFORMATION_FORMAT = "dwarf-with-dsym";
				ENABLE_NS_ASSERTIONS = NO;
				ENABLE_STRICT_OBJC_MSGSEND = YES;
				GCC_C_LANGUAGE_STANDARD = gnu99;
				GCC_NO_COMMON_BLOCKS = YES;
				GCC_WARN_64_TO_32_BIT_CONVERSION = YES;
				GCC_WARN_ABOUT_RETURN_TYPE = YES_ERROR;
				GCC_WARN_UNDECLARED_SELECTOR = YES;
				GCC_WARN_UNINITIALIZED_AUTOS = YES_AGGRESSIVE;
				GCC_WARN_UNUSED_FUNCTION = YES;
				GCC_WARN_UNUSED_VARIABLE = YES;
				IPHONEOS_DEPLOYMENT_TARGET = 10.2;
				MTL_ENABLE_DEBUG_INFO = NO;
				SDKROOT = iphoneos;
				SWIFT_OPTIMIZATION_LEVEL = "-Owholemodule";
				TARGETED_DEVICE_FAMILY = "1,2";
				VALIDATE_PRODUCT = YES;
			};
			name = Release;
		};
		8475A67F1E693CF4000D134C /* Debug */ = {
			isa = XCBuildConfiguration;
			buildSettings = {
				ASSETCATALOG_COMPILER_APPICON_NAME = AppIcon;
				DEVELOPMENT_TEAM = 245F79U9NL;
				INFOPLIST_FILE = "Tinkoff Chat/Info.plist";
				LD_RUNPATH_SEARCH_PATHS = "$(inherited) @executable_path/Frameworks";
				PRODUCT_BUNDLE_IDENTIFIER = "ru.den-prod.Tinkoff-Chat";
				PRODUCT_NAME = "$(TARGET_NAME)";
				SWIFT_VERSION = 3.0;
			};
			name = Debug;
		};
		8475A6801E693CF4000D134C /* Release */ = {
			isa = XCBuildConfiguration;
			buildSettings = {
				ASSETCATALOG_COMPILER_APPICON_NAME = AppIcon;
				DEVELOPMENT_TEAM = 245F79U9NL;
				INFOPLIST_FILE = "Tinkoff Chat/Info.plist";
				LD_RUNPATH_SEARCH_PATHS = "$(inherited) @executable_path/Frameworks";
				PRODUCT_BUNDLE_IDENTIFIER = "ru.den-prod.Tinkoff-Chat";
				PRODUCT_NAME = "$(TARGET_NAME)";
				SWIFT_VERSION = 3.0;
			};
			name = Release;
		};
/* End XCBuildConfiguration section */

/* Begin XCConfigurationList section */
		8475A6641E693CF4000D134C /* Build configuration list for PBXProject "Tinkoff Chat" */ = {
			isa = XCConfigurationList;
			buildConfigurations = (
				8475A67C1E693CF4000D134C /* Debug */,
				8475A67D1E693CF4000D134C /* Release */,
			);
			defaultConfigurationIsVisible = 0;
			defaultConfigurationName = Release;
		};
		8475A67E1E693CF4000D134C /* Build configuration list for PBXNativeTarget "Tinkoff Chat" */ = {
			isa = XCConfigurationList;
			buildConfigurations = (
				8475A67F1E693CF4000D134C /* Debug */,
				8475A6801E693CF4000D134C /* Release */,
			);
			defaultConfigurationIsVisible = 0;
			defaultConfigurationName = Release;
		};
/* End XCConfigurationList section */

/* Begin XCVersionGroup section */
		840B8C681EB3592B0024FA99 /* Storage.xcdatamodeld */ = {
			isa = XCVersionGroup;
			children = (
				840B8C691EB3592B0024FA99 /* Storage.xcdatamodel */,
			);
			currentVersion = 840B8C691EB3592B0024FA99 /* Storage.xcdatamodel */;
			path = Storage.xcdatamodeld;
			sourceTree = "<group>";
			versionGroupType = wrapper.xcdatamodel;
		};
/* End XCVersionGroup section */
	};
	rootObject = 8475A6611E693CF4000D134C /* Project object */;
}
